
Microsoft Visual Studio Solution File, Format Version 12.00
# Visual Studio Version 16
VisualStudioVersion = 16.0.31729.503
MinimumVisualStudioVersion = 10.0.40219.1
Project("{9A19103F-16F7-4668-BE54-9A1E7A4F7556}") = "QAEndpoint", "QAEndpoint\QAEndpoint.csproj", "{299D5DE9-C508-4573-8E3D-05AE441E621B}"
EndProject
Project("{FAE04EC0-301F-11D3-BF4B-00C04F79EFBC}") = "DI.Demo", "DI.Demo\DI.Demo.csproj", "{0D6CB95B-ED07-44C6-B3E0-F647679141DF}"
EndProject
Global
	GlobalSection(SolutionConfigurationPlatforms) = preSolution
		Debug|Any CPU = Debug|Any CPU
		Release|Any CPU = Release|Any CPU
	EndGlobalSection
	GlobalSection(ProjectConfigurationPlatforms) = postSolution
		{299D5DE9-C508-4573-8E3D-05AE441E621B}.Debug|Any CPU.ActiveCfg = Debug|Any CPU
		{299D5DE9-C508-4573-8E3D-05AE441E621B}.Debug|Any CPU.Build.0 = Debug|Any CPU
		{299D5DE9-C508-4573-8E3D-05AE441E621B}.Release|Any CPU.ActiveCfg = Release|Any CPU
		{299D5DE9-C508-4573-8E3D-05AE441E621B}.Release|Any CPU.Build.0 = Release|Any CPU
		{0D6CB95B-ED07-44C6-B3E0-F647679141DF}.Debug|Any CPU.ActiveCfg = Debug|Any CPU
		{0D6CB95B-ED07-44C6-B3E0-F647679141DF}.Debug|Any CPU.Build.0 = Debug|Any CPU
		{0D6CB95B-ED07-44C6-B3E0-F647679141DF}.Release|Any CPU.ActiveCfg = Release|Any CPU
		{0D6CB95B-ED07-44C6-B3E0-F647679141DF}.Release|Any CPU.Build.0 = Release|Any CPU
	EndGlobalSection
	GlobalSection(SolutionProperties) = preSolution
		HideSolutionNode = FALSE
	EndGlobalSection
	GlobalSection(ExtensibilityGlobals) = postSolution
		SolutionGuid = {084B775A-5617-4BF2-87B6-ED1C09D3EA75}
	EndGlobalSection
EndGlobal
